
Microsoft Visual Studio Solution File, Format Version 12.00
# Visual Studio Version 16
VisualStudioVersion = 16.0.29920.165
MinimumVisualStudioVersion = 10.0.40219.1
Project("{FAE04EC0-301F-11D3-BF4B-00C04F79EFBC}") = "Muzzel", "Muzzel\Muzzel.csproj", "{C6B2A87F-3C02-4596-9DEA-999DC54B1D03}"
EndProject
Global
	GlobalSection(SolutionConfigurationPlatforms) = preSolution
		Debug|Any CPU = Debug|Any CPU
		Release|Any CPU = Release|Any CPU
	EndGlobalSection
	GlobalSection(ProjectConfigurationPlatforms) = postSolution
		{C6B2A87F-3C02-4596-9DEA-999DC54B1D03}.Debug|Any CPU.ActiveCfg = Debug|Any CPU
		{C6B2A87F-3C02-4596-9DEA-999DC54B1D03}.Debug|Any CPU.Build.0 = Debug|Any CPU
		{C6B2A87F-3C02-4596-9DEA-999DC54B1D03}.Release|Any CPU.ActiveCfg = Release|Any CPU
		{C6B2A87F-3C02-4596-9DEA-999DC54B1D03}.Release|Any CPU.Build.0 = Release|Any CPU
	EndGlobalSection
	GlobalSection(SolutionProperties) = preSolution
		HideSolutionNode = FALSE
	EndGlobalSection
	GlobalSection(ExtensibilityGlobals) = postSolution
		SolutionGuid = {74AC84CB-912A-4785-A209-3F1C9DA432DF}
	EndGlobalSection
EndGlobal
